
Microsoft Visual Studio Solution File, Format Version 10.00
# Visual Studio 2008
Project("{8BC9CEB8-8B4A-11D0-8D11-00A0C91BC942}") = "GLS", "GLS.vcproj", "{801C34F6-5543-4BB1-A653-51FAE5640E4B}"
EndProject
Global
	GlobalSection(SolutionConfigurationPlatforms) = preSolution
		Debug|Win32 = Debug|Win32
		Release|Win32 = Release|Win32
	EndGlobalSection
	GlobalSection(ProjectConfigurationPlatforms) = postSolution
		{801C34F6-5543-4BB1-A653-51FAE5640E4B}.Debug|Win32.ActiveCfg = Debug|Win32
		{801C34F6-5543-4BB1-A653-51FAE5640E4B}.Debug|Win32.Build.0 = Debug|Win32
		{801C34F6-5543-4BB1-A653-51FAE5640E4B}.Release|Win32.ActiveCfg = Release|Win32
		{801C34F6-5543-4BB1-A653-51FAE5640E4B}.Release|Win32.Build.0 = Release|Win32
	EndGlobalSection
	GlobalSection(SolutionProperties) = preSolution
		HideSolutionNode = FALSE
	EndGlobalSection
EndGlobal
